
Microsoft Visual Studio Solution File, Format Version 12.00
# Visual Studio 15
VisualStudioVersion = 15.0.28307.421
MinimumVisualStudioVersion = 10.0.40219.1
Project("{FAE04EC0-301F-11D3-BF4B-00C04F79EFBC}") = "RestTECAirlines", "TEST\RestTECAirlines.csproj", "{A0770D1F-569D-478D-864E-E216D50C8F20}"
EndProject
Global
	GlobalSection(SolutionConfigurationPlatforms) = preSolution
		Debug|Any CPU = Debug|Any CPU
		Release|Any CPU = Release|Any CPU
	EndGlobalSection
	GlobalSection(ProjectConfigurationPlatforms) = postSolution
		{A0770D1F-569D-478D-864E-E216D50C8F20}.Debug|Any CPU.ActiveCfg = Debug|Any CPU
		{A0770D1F-569D-478D-864E-E216D50C8F20}.Debug|Any CPU.Build.0 = Debug|Any CPU
		{A0770D1F-569D-478D-864E-E216D50C8F20}.Release|Any CPU.ActiveCfg = Release|Any CPU
		{A0770D1F-569D-478D-864E-E216D50C8F20}.Release|Any CPU.Build.0 = Release|Any CPU
	EndGlobalSection
	GlobalSection(SolutionProperties) = preSolution
		HideSolutionNode = FALSE
	EndGlobalSection
	GlobalSection(ExtensibilityGlobals) = postSolution
		SolutionGuid = {1D4FF750-BB7B-47B4-80FD-3F26B15803D2}
	EndGlobalSection
EndGlobal
